
Microsoft Visual Studio Solution File, Format Version 12.00
# Visual Studio Version 17
VisualStudioVersion = 17.14.36212.18 d17.14
MinimumVisualStudioVersion = 10.0.40219.1
Project("{FAE04EC0-301F-11D3-BF4B-00C04F79EFBC}") = "BuilderPatternExample", "BuilderPatternExample.csproj", "{E132ECEF-FD4E-4E1F-AC22-335F4969B264}"
EndProject
Global
	GlobalSection(SolutionConfigurationPlatforms) = preSolution
		Debug|Any CPU = Debug|Any CPU
		Release|Any CPU = Release|Any CPU
	EndGlobalSection
	GlobalSection(ProjectConfigurationPlatforms) = postSolution
		{E132ECEF-FD4E-4E1F-AC22-335F4969B264}.Debug|Any CPU.ActiveCfg = Debug|Any CPU
		{E132ECEF-FD4E-4E1F-AC22-335F4969B264}.Debug|Any CPU.Build.0 = Debug|Any CPU
		{E132ECEF-FD4E-4E1F-AC22-335F4969B264}.Release|Any CPU.ActiveCfg = Release|Any CPU
		{E132ECEF-FD4E-4E1F-AC22-335F4969B264}.Release|Any CPU.Build.0 = Release|Any CPU
	EndGlobalSection
	GlobalSection(SolutionProperties) = preSolution
		HideSolutionNode = FALSE
	EndGlobalSection
	GlobalSection(ExtensibilityGlobals) = postSolution
		SolutionGuid = {5E73F17E-2009-4E63-9B0F-34D75AE1C5A1}
	EndGlobalSection
EndGlobal
